
Microsoft Visual Studio Solution File, Format Version 12.00
# Visual Studio Version 17
VisualStudioVersion = 17.9.34728.123
MinimumVisualStudioVersion = 10.0.40219.1
Project("{FAE04EC0-301F-11D3-BF4B-00C04F79EFBC}") = "WebBanSach", "WebBanSach.csproj", "{9245713E-BB27-4898-8B18-12807CE0F43C}"
EndProject
Global
	GlobalSection(SolutionConfigurationPlatforms) = preSolution
		Debug|Any CPU = Debug|Any CPU
		Release|Any CPU = Release|Any CPU
	EndGlobalSection
	GlobalSection(ProjectConfigurationPlatforms) = postSolution
		{9245713E-BB27-4898-8B18-12807CE0F43C}.Debug|Any CPU.ActiveCfg = Debug|Any CPU
		{9245713E-BB27-4898-8B18-12807CE0F43C}.Debug|Any CPU.Build.0 = Debug|Any CPU
		{9245713E-BB27-4898-8B18-12807CE0F43C}.Release|Any CPU.ActiveCfg = Release|Any CPU
		{9245713E-BB27-4898-8B18-12807CE0F43C}.Release|Any CPU.Build.0 = Release|Any CPU
	EndGlobalSection
	GlobalSection(SolutionProperties) = preSolution
		HideSolutionNode = FALSE
	EndGlobalSection
	GlobalSection(ExtensibilityGlobals) = postSolution
		SolutionGuid = {E9EF6C0E-5AC4-4204-89B9-695130F57E61}
	EndGlobalSection
EndGlobal
